
Microsoft Visual Studio Solution File, Format Version 12.00
# Visual Studio Version 17
VisualStudioVersion = 17.4.33103.184
MinimumVisualStudioVersion = 10.0.40219.1
Project("{FAE04EC0-301F-11D3-BF4B-00C04F79EFBC}") = "LE07-02-Kropf", "LE07-02-Kropf\LE07-02-Kropf.csproj", "{A7783094-B810-4FEA-999F-137B2D81E29D}"
EndProject
Global
	GlobalSection(SolutionConfigurationPlatforms) = preSolution
		Debug|Any CPU = Debug|Any CPU
		Release|Any CPU = Release|Any CPU
	EndGlobalSection
	GlobalSection(ProjectConfigurationPlatforms) = postSolution
		{A7783094-B810-4FEA-999F-137B2D81E29D}.Debug|Any CPU.ActiveCfg = Debug|Any CPU
		{A7783094-B810-4FEA-999F-137B2D81E29D}.Debug|Any CPU.Build.0 = Debug|Any CPU
		{A7783094-B810-4FEA-999F-137B2D81E29D}.Release|Any CPU.ActiveCfg = Release|Any CPU
		{A7783094-B810-4FEA-999F-137B2D81E29D}.Release|Any CPU.Build.0 = Release|Any CPU
	EndGlobalSection
	GlobalSection(SolutionProperties) = preSolution
		HideSolutionNode = FALSE
	EndGlobalSection
	GlobalSection(ExtensibilityGlobals) = postSolution
		SolutionGuid = {B7D8D1F2-5E33-44EC-852F-8D80C9FC79B5}
	EndGlobalSection
EndGlobal
